
Microsoft Visual Studio Solution File, Format Version 12.00
# Visual Studio Version 16
VisualStudioVersion = 16.0.28922.388
MinimumVisualStudioVersion = 10.0.40219.1
Project("{8BC9CEB8-8B4A-11D0-8D11-00A0C91BC942}") = "Lexical_Analysis", "Lexical Analysis\Lexical Analysis.vcxproj", "{302FFF30-76CF-49EB-9BBF-5874E268480C}"
EndProject
Project("{8BC9CEB8-8B4A-11D0-8D11-00A0C91BC942}") = "LL(1)", "LL(1)\LL(1).vcxproj", "{92D7CD1D-D099-460F-BABF-65D16AA4211D}"
EndProject
Project("{8BC9CEB8-8B4A-11D0-8D11-00A0C91BC942}") = "LR", "LR\LR.vcxproj", "{D31008CD-D5AC-4417-B4B9-C07CF89CBA85}"
EndProject
Project("{8BC9CEB8-8B4A-11D0-8D11-00A0C91BC942}") = "test", "test\test.vcxproj", "{E639C54B-D4F8-4980-B4DF-BCE62D751A67}"
EndProject
Global
	GlobalSection(SolutionConfigurationPlatforms) = preSolution
		Debug|x64 = Debug|x64
		Debug|x86 = Debug|x86
		Release|x64 = Release|x64
		Release|x86 = Release|x86
	EndGlobalSection
	GlobalSection(ProjectConfigurationPlatforms) = postSolution
		{302FFF30-76CF-49EB-9BBF-5874E268480C}.Debug|x64.ActiveCfg = Debug|x64
		{302FFF30-76CF-49EB-9BBF-5874E268480C}.Debug|x64.Build.0 = Debug|x64
		{302FFF30-76CF-49EB-9BBF-5874E268480C}.Debug|x86.ActiveCfg = Debug|Win32
		{302FFF30-76CF-49EB-9BBF-5874E268480C}.Debug|x86.Build.0 = Debug|Win32
		{302FFF30-76CF-49EB-9BBF-5874E268480C}.Release|x64.ActiveCfg = Release|x64
		{302FFF30-76CF-49EB-9BBF-5874E268480C}.Release|x64.Build.0 = Release|x64
		{302FFF30-76CF-49EB-9BBF-5874E268480C}.Release|x86.ActiveCfg = Release|Win32
		{302FFF30-76CF-49EB-9BBF-5874E268480C}.Release|x86.Build.0 = Release|Win32
		{92D7CD1D-D099-460F-BABF-65D16AA4211D}.Debug|x64.ActiveCfg = Debug|x64
		{92D7CD1D-D099-460F-BABF-65D16AA4211D}.Debug|x64.Build.0 = Debug|x64
		{92D7CD1D-D099-460F-BABF-65D16AA4211D}.Debug|x86.ActiveCfg = Debug|Win32
		{92D7CD1D-D099-460F-BABF-65D16AA4211D}.Debug|x86.Build.0 = Debug|Win32
		{92D7CD1D-D099-460F-BABF-65D16AA4211D}.Release|x64.ActiveCfg = Release|x64
		{92D7CD1D-D099-460F-BABF-65D16AA4211D}.Release|x64.Build.0 = Release|x64
		{92D7CD1D-D099-460F-BABF-65D16AA4211D}.Release|x86.ActiveCfg = Release|Win32
		{92D7CD1D-D099-460F-BABF-65D16AA4211D}.Release|x86.Build.0 = Release|Win32
		{D31008CD-D5AC-4417-B4B9-C07CF89CBA85}.Debug|x64.ActiveCfg = Debug|x64
		{D31008CD-D5AC-4417-B4B9-C07CF89CBA85}.Debug|x64.Build.0 = Debug|x64
		{D31008CD-D5AC-4417-B4B9-C07CF89CBA85}.Debug|x86.ActiveCfg = Debug|Win32
		{D31008CD-D5AC-4417-B4B9-C07CF89CBA85}.Debug|x86.Build.0 = Debug|Win32
		{D31008CD-D5AC-4417-B4B9-C07CF89CBA85}.Release|x64.ActiveCfg = Release|x64
		{D31008CD-D5AC-4417-B4B9-C07CF89CBA85}.Release|x64.Build.0 = Release|x64
		{D31008CD-D5AC-4417-B4B9-C07CF89CBA85}.Release|x86.ActiveCfg = Release|Win32
		{D31008CD-D5AC-4417-B4B9-C07CF89CBA85}.Release|x86.Build.0 = Release|Win32
		{E639C54B-D4F8-4980-B4DF-BCE62D751A67}.Debug|x64.ActiveCfg = Debug|x64
		{E639C54B-D4F8-4980-B4DF-BCE62D751A67}.Debug|x64.Build.0 = Debug|x64
		{E639C54B-D4F8-4980-B4DF-BCE62D751A67}.Debug|x86.ActiveCfg = Debug|Win32
		{E639C54B-D4F8-4980-B4DF-BCE62D751A67}.Debug|x86.Build.0 = Debug|Win32
		{E639C54B-D4F8-4980-B4DF-BCE62D751A67}.Release|x64.ActiveCfg = Release|x64
		{E639C54B-D4F8-4980-B4DF-BCE62D751A67}.Release|x64.Build.0 = Release|x64
		{E639C54B-D4F8-4980-B4DF-BCE62D751A67}.Release|x86.ActiveCfg = Release|Win32
		{E639C54B-D4F8-4980-B4DF-BCE62D751A67}.Release|x86.Build.0 = Release|Win32
	EndGlobalSection
	GlobalSection(SolutionProperties) = preSolution
		HideSolutionNode = FALSE
	EndGlobalSection
	GlobalSection(ExtensibilityGlobals) = postSolution
		SolutionGuid = {3F902536-9F9B-45E5-88F7-2F01C3BE05C8}
	EndGlobalSection
EndGlobal
